<Solution>
  <Folder Name="/Solution Items/">
    <File Path=".env" />
    <File Path=".env.example" />
    <File Path=".github/instructions.md" />
    <File Path=".gitignore" />
    <File Path=".junie/guidelines.md" />
    <File Path="docker-compose.yml" />
  </Folder>
  <Project Path="PPSNR.Server/PPSNR.Server.csproj" />
  <Project Path="PPSNR.Tests/PPSNR.Tests.csproj" />
  <Project Path="PPSNR/PPSNR.csproj" />
</Solution>
